
Microsoft Visual Studio Solution File, Format Version 12.00
# Visual Studio Version 17
VisualStudioVersion = 17.4.33110.190
MinimumVisualStudioVersion = 10.0.40219.1
Project("{9A19103F-16F7-4668-BE54-9A1E7A4F7556}") = "ApiCatalogo", "ApiCatalogo\ApiCatalogo.csproj", "{82EAA6C1-54C4-475A-9B76-2E14686E5AB6}"
EndProject
Project("{FAE04EC0-301F-11D3-BF4B-00C04F79EFBC}") = "ApiCatalogoUnitTests", "ApiCatalogoUnitTests\ApiCatalogoUnitTests.csproj", "{BBF3AECB-9F8A-4569-BB84-14FD96EE86A9}"
EndProject
Global
	GlobalSection(SolutionConfigurationPlatforms) = preSolution
		Debug|Any CPU = Debug|Any CPU
		Release|Any CPU = Release|Any CPU
	EndGlobalSection
	GlobalSection(ProjectConfigurationPlatforms) = postSolution
		{82EAA6C1-54C4-475A-9B76-2E14686E5AB6}.Debug|Any CPU.ActiveCfg = Debug|Any CPU
		{82EAA6C1-54C4-475A-9B76-2E14686E5AB6}.Debug|Any CPU.Build.0 = Debug|Any CPU
		{82EAA6C1-54C4-475A-9B76-2E14686E5AB6}.Release|Any CPU.ActiveCfg = Release|Any CPU
		{82EAA6C1-54C4-475A-9B76-2E14686E5AB6}.Release|Any CPU.Build.0 = Release|Any CPU
		{BBF3AECB-9F8A-4569-BB84-14FD96EE86A9}.Debug|Any CPU.ActiveCfg = Debug|Any CPU
		{BBF3AECB-9F8A-4569-BB84-14FD96EE86A9}.Debug|Any CPU.Build.0 = Debug|Any CPU
		{BBF3AECB-9F8A-4569-BB84-14FD96EE86A9}.Release|Any CPU.ActiveCfg = Release|Any CPU
		{BBF3AECB-9F8A-4569-BB84-14FD96EE86A9}.Release|Any CPU.Build.0 = Release|Any CPU
	EndGlobalSection
	GlobalSection(SolutionProperties) = preSolution
		HideSolutionNode = FALSE
	EndGlobalSection
	GlobalSection(ExtensibilityGlobals) = postSolution
		SolutionGuid = {2891ABF7-D185-4E48-A546-13E6BE394EEC}
	EndGlobalSection
EndGlobal
